
Microsoft Visual Studio Solution File, Format Version 12.00
# Visual Studio Version 17
VisualStudioVersion = 17.11.35327.3
MinimumVisualStudioVersion = 10.0.40219.1
Project("{FAE04EC0-301F-11D3-BF4B-00C04F79EFBC}") = "Memory_spel", "Memory_spel\Memory_spel.csproj", "{CBBD3101-686F-4506-B146-078C835FDA8D}"
EndProject
Global
	GlobalSection(SolutionConfigurationPlatforms) = preSolution
		Debug|Any CPU = Debug|Any CPU
		Release|Any CPU = Release|Any CPU
	EndGlobalSection
	GlobalSection(ProjectConfigurationPlatforms) = postSolution
		{CBBD3101-686F-4506-B146-078C835FDA8D}.Debug|Any CPU.ActiveCfg = Debug|Any CPU
		{CBBD3101-686F-4506-B146-078C835FDA8D}.Debug|Any CPU.Build.0 = Debug|Any CPU
		{CBBD3101-686F-4506-B146-078C835FDA8D}.Release|Any CPU.ActiveCfg = Release|Any CPU
		{CBBD3101-686F-4506-B146-078C835FDA8D}.Release|Any CPU.Build.0 = Release|Any CPU
	EndGlobalSection
	GlobalSection(SolutionProperties) = preSolution
		HideSolutionNode = FALSE
	EndGlobalSection
	GlobalSection(ExtensibilityGlobals) = postSolution
		SolutionGuid = {4D15ECC0-638B-4EFA-8B69-FB3B6AC3BC61}
	EndGlobalSection
EndGlobal
